// !$*UTF8*$!
{
	archiveVersion = 1;
	classes = {
	};
	objectVersion = 50;
	objects = {

/* Begin PBXBuildFile section */
		070B515A237C69AD00262BDD /* Images.swift in Sources */ = {isa = PBXBuildFile; fileRef = 070B5159237C69AD00262BDD /* Images.swift */; };
		070B515C237C6B8300262BDD /* Layout.swift in Sources */ = {isa = PBXBuildFile; fileRef = 070B515B237C6B8300262BDD /* Layout.swift */; };
		070B515E237C7E2E00262BDD /* ViewWithLabel.swift in Sources */ = {isa = PBXBuildFile; fileRef = 070B515D237C7E2E00262BDD /* ViewWithLabel.swift */; };
		070B5160237C929D00262BDD /* CustomColor.swift in Sources */ = {isa = PBXBuildFile; fileRef = 070B515F237C929D00262BDD /* CustomColor.swift */; };
		070B5162237CA41100262BDD /* Formatter.swift in Sources */ = {isa = PBXBuildFile; fileRef = 070B5161237CA41100262BDD /* Formatter.swift */; };
		070B5164237D559600262BDD /* InformationView.swift in Sources */ = {isa = PBXBuildFile; fileRef = 070B5163237D559600262BDD /* InformationView.swift */; };
		070B5168237D827C00262BDD /* UIView+Extensions.swift in Sources */ = {isa = PBXBuildFile; fileRef = 070B5167237D827C00262BDD /* UIView+Extensions.swift */; };
		070CE89D237C495B00610882 /* MeteoriteListView.swift in Sources */ = {isa = PBXBuildFile; fileRef = 070CE89C237C495B00610882 /* MeteoriteListView.swift */; };
		070CE89F237C4A5300610882 /* MeteoriteListDataSource.swift in Sources */ = {isa = PBXBuildFile; fileRef = 070CE89E237C4A5300610882 /* MeteoriteListDataSource.swift */; };
		070CE8A1237C5D4400610882 /* MeteoriteItemTableViewCell.swift in Sources */ = {isa = PBXBuildFile; fileRef = 070CE8A0237C5D4400610882 /* MeteoriteItemTableViewCell.swift */; };
		0724C7D7237DCEB400F47D91 /* FirstLaunchInformationViewController.swift in Sources */ = {isa = PBXBuildFile; fileRef = 0724C7D6237DCEB400F47D91 /* FirstLaunchInformationViewController.swift */; };
		0724C7D9237DDDAE00F47D91 /* MeteoriteDetailViewController.swift in Sources */ = {isa = PBXBuildFile; fileRef = 0724C7D8237DDDAE00F47D91 /* MeteoriteDetailViewController.swift */; };
		0724C7DD237EA8CA00F47D91 /* LabelWithDescription.swift in Sources */ = {isa = PBXBuildFile; fileRef = 0724C7DC237EA8CA00F47D91 /* LabelWithDescription.swift */; };
		0724C7DF237EA95D00F47D91 /* MeteoriteDetailView.swift in Sources */ = {isa = PBXBuildFile; fileRef = 0724C7DE237EA95D00F47D91 /* MeteoriteDetailView.swift */; };
		075FE2B7237C1F7500DC8681 /* UserDefault.swift in Sources */ = {isa = PBXBuildFile; fileRef = 075FE2B6237C1F7500DC8681 /* UserDefault.swift */; };
		07675743238016F0004BEE07 /* UIButton+Extensions.swift in Sources */ = {isa = PBXBuildFile; fileRef = 07675742238016F0004BEE07 /* UIButton+Extensions.swift */; };
		0786D091237AD7E800D6BEB1 /* AppDelegate.swift in Sources */ = {isa = PBXBuildFile; fileRef = 0786D090237AD7E800D6BEB1 /* AppDelegate.swift */; };
		0786D093237AD7E800D6BEB1 /* SceneDelegate.swift in Sources */ = {isa = PBXBuildFile; fileRef = 0786D092237AD7E800D6BEB1 /* SceneDelegate.swift */; };
		0786D095237AD7E800D6BEB1 /* MeteoriteListViewController.swift in Sources */ = {isa = PBXBuildFile; fileRef = 0786D094237AD7E800D6BEB1 /* MeteoriteListViewController.swift */; };
		0786D09A237AD7EA00D6BEB1 /* Assets.xcassets in Resources */ = {isa = PBXBuildFile; fileRef = 0786D099237AD7EA00D6BEB1 /* Assets.xcassets */; };
		0786D09D237AD7EA00D6BEB1 /* LaunchScreen.storyboard in Resources */ = {isa = PBXBuildFile; fileRef = 0786D09B237AD7EA00D6BEB1 /* LaunchScreen.storyboard */; };
		0786D0A9237AE73400D6BEB1 /* AppCoordinator.swift in Sources */ = {isa = PBXBuildFile; fileRef = 0786D0A8237AE73400D6BEB1 /* AppCoordinator.swift */; };
		0786D0AB237AE73900D6BEB1 /* Coordinator.swift in Sources */ = {isa = PBXBuildFile; fileRef = 0786D0AA237AE73900D6BEB1 /* Coordinator.swift */; };
		0786D0B2237AF8C700D6BEB1 /* NetworkManager.swift in Sources */ = {isa = PBXBuildFile; fileRef = 0786D0B1237AF8C700D6BEB1 /* NetworkManager.swift */; };
		0786D0B4237B038400D6BEB1 /* Meteorite.swift in Sources */ = {isa = PBXBuildFile; fileRef = 0786D0B3237B038400D6BEB1 /* Meteorite.swift */; };
		0786D0B7237B1AB100D6BEB1 /* FallenMeteorite.xcdatamodeld in Sources */ = {isa = PBXBuildFile; fileRef = 0786D0B5237B1AB100D6BEB1 /* FallenMeteorite.xcdatamodeld */; };
		0786D0E2237B224C00D6BEB1 /* CoreDataManager.swift in Sources */ = {isa = PBXBuildFile; fileRef = 0786D0E1237B224C00D6BEB1 /* CoreDataManager.swift */; };
		07D82EB32380492D00944BD2 /* NetworkManagerAccesing.swift in Sources */ = {isa = PBXBuildFile; fileRef = 07D82EB22380492D00944BD2 /* NetworkManagerAccesing.swift */; };
/* End PBXBuildFile section */

/* Begin PBXFileReference section */
		070B5159237C69AD00262BDD /* Images.swift */ = {isa = PBXFileReference; lastKnownFileType = sourcecode.swift; path = Images.swift; sourceTree = "<group>"; };
		070B515B237C6B8300262BDD /* Layout.swift */ = {isa = PBXFileReference; lastKnownFileType = sourcecode.swift; path = Layout.swift; sourceTree = "<group>"; };
		070B515D237C7E2E00262BDD /* ViewWithLabel.swift */ = {isa = PBXFileReference; lastKnownFileType = sourcecode.swift; path = ViewWithLabel.swift; sourceTree = "<group>"; };
		070B515F237C929D00262BDD /* CustomColor.swift */ = {isa = PBXFileReference; lastKnownFileType = sourcecode.swift; path = CustomColor.swift; sourceTree = "<group>"; };
		070B5161237CA41100262BDD /* Formatter.swift */ = {isa = PBXFileReference; lastKnownFileType = sourcecode.swift; path = Formatter.swift; sourceTree = "<group>"; };
		070B5163237D559600262BDD /* InformationView.swift */ = {isa = PBXFileReference; lastKnownFileType = sourcecode.swift; path = InformationView.swift; sourceTree = "<group>"; };
		070B5167237D827C00262BDD /* UIView+Extensions.swift */ = {isa = PBXFileReference; lastKnownFileType = sourcecode.swift; path = "UIView+Extensions.swift"; sourceTree = "<group>"; };
		070CE89C237C495B00610882 /* MeteoriteListView.swift */ = {isa = PBXFileReference; lastKnownFileType = sourcecode.swift; path = MeteoriteListView.swift; sourceTree = "<group>"; };
		070CE89E237C4A5300610882 /* MeteoriteListDataSource.swift */ = {isa = PBXFileReference; lastKnownFileType = sourcecode.swift; path = MeteoriteListDataSource.swift; sourceTree = "<group>"; };
		070CE8A0237C5D4400610882 /* MeteoriteItemTableViewCell.swift */ = {isa = PBXFileReference; lastKnownFileType = sourcecode.swift; path = MeteoriteItemTableViewCell.swift; sourceTree = "<group>"; };
		0724C7D6237DCEB400F47D91 /* FirstLaunchInformationViewController.swift */ = {isa = PBXFileReference; lastKnownFileType = sourcecode.swift; path = FirstLaunchInformationViewController.swift; sourceTree = "<group>"; };
		0724C7D8237DDDAE00F47D91 /* MeteoriteDetailViewController.swift */ = {isa = PBXFileReference; lastKnownFileType = sourcecode.swift; path = MeteoriteDetailViewController.swift; sourceTree = "<group>"; };
		0724C7DC237EA8CA00F47D91 /* LabelWithDescription.swift */ = {isa = PBXFileReference; lastKnownFileType = sourcecode.swift; path = LabelWithDescription.swift; sourceTree = "<group>"; };
		0724C7DE237EA95D00F47D91 /* MeteoriteDetailView.swift */ = {isa = PBXFileReference; lastKnownFileType = sourcecode.swift; path = MeteoriteDetailView.swift; sourceTree = "<group>"; };
		075FE2B6237C1F7500DC8681 /* UserDefault.swift */ = {isa = PBXFileReference; lastKnownFileType = sourcecode.swift; path = UserDefault.swift; sourceTree = "<group>"; };
		07675742238016F0004BEE07 /* UIButton+Extensions.swift */ = {isa = PBXFileReference; lastKnownFileType = sourcecode.swift; path = "UIButton+Extensions.swift"; sourceTree = "<group>"; };
		0786D08D237AD7E800D6BEB1 /* FallenMeteorite.app */ = {isa = PBXFileReference; explicitFileType = wrapper.application; includeInIndex = 0; path = FallenMeteorite.app; sourceTree = BUILT_PRODUCTS_DIR; };
		0786D090237AD7E800D6BEB1 /* AppDelegate.swift */ = {isa = PBXFileReference; lastKnownFileType = sourcecode.swift; path = AppDelegate.swift; sourceTree = "<group>"; };
		0786D092237AD7E800D6BEB1 /* SceneDelegate.swift */ = {isa = PBXFileReference; lastKnownFileType = sourcecode.swift; path = SceneDelegate.swift; sourceTree = "<group>"; };
		0786D094237AD7E800D6BEB1 /* MeteoriteListViewController.swift */ = {isa = PBXFileReference; lastKnownFileType = sourcecode.swift; path = MeteoriteListViewController.swift; sourceTree = "<group>"; };
		0786D099237AD7EA00D6BEB1 /* Assets.xcassets */ = {isa = PBXFileReference; lastKnownFileType = folder.assetcatalog; path = Assets.xcassets; sourceTree = "<group>"; };
		0786D09C237AD7EA00D6BEB1 /* Base */ = {isa = PBXFileReference; lastKnownFileType = file.storyboard; name = Base; path = Base.lproj/LaunchScreen.storyboard; sourceTree = "<group>"; };
		0786D09E237AD7EA00D6BEB1 /* Info.plist */ = {isa = PBXFileReference; lastKnownFileType = text.plist.xml; path = Info.plist; sourceTree = "<group>"; };
		0786D0A8237AE73400D6BEB1 /* AppCoordinator.swift */ = {isa = PBXFileReference; fileEncoding = 4; lastKnownFileType = sourcecode.swift; path = AppCoordinator.swift; sourceTree = "<group>"; };
		0786D0AA237AE73900D6BEB1 /* Coordinator.swift */ = {isa = PBXFileReference; fileEncoding = 4; lastKnownFileType = sourcecode.swift; path = Coordinator.swift; sourceTree = "<group>"; };
		0786D0B1237AF8C700D6BEB1 /* NetworkManager.swift */ = {isa = PBXFileReference; lastKnownFileType = sourcecode.swift; path = NetworkManager.swift; sourceTree = "<group>"; };
		0786D0B3237B038400D6BEB1 /* Meteorite.swift */ = {isa = PBXFileReference; lastKnownFileType = sourcecode.swift; path = Meteorite.swift; sourceTree = "<group>"; };
		0786D0B6237B1AB100D6BEB1 /* FallenMeteorite.xcdatamodel */ = {isa = PBXFileReference; lastKnownFileType = wrapper.xcdatamodel; path = FallenMeteorite.xcdatamodel; sourceTree = "<group>"; };
		0786D0E1237B224C00D6BEB1 /* CoreDataManager.swift */ = {isa = PBXFileReference; lastKnownFileType = sourcecode.swift; path = CoreDataManager.swift; sourceTree = "<group>"; };
		07D82EB22380492D00944BD2 /* NetworkManagerAccesing.swift */ = {isa = PBXFileReference; lastKnownFileType = sourcecode.swift; path = NetworkManagerAccesing.swift; sourceTree = "<group>"; };
/* End PBXFileReference section */

/* Begin PBXFrameworksBuildPhase section */
		0786D08A237AD7E800D6BEB1 /* Frameworks */ = {
			isa = PBXFrameworksBuildPhase;
			buildActionMask = 2147483647;
			files = (
			);
			runOnlyForDeploymentPostprocessing = 0;
		};
/* End PBXFrameworksBuildPhase section */

/* Begin PBXGroup section */
		075FE2AF237C123D00DC8681 /* General */ = {
			isa = PBXGroup;
			children = (
				075FE2B6237C1F7500DC8681 /* UserDefault.swift */,
				0786D0AA237AE73900D6BEB1 /* Coordinator.swift */,
				070B5159237C69AD00262BDD /* Images.swift */,
				070B515B237C6B8300262BDD /* Layout.swift */,
				070B515F237C929D00262BDD /* CustomColor.swift */,
				070B5161237CA41100262BDD /* Formatter.swift */,
				07D82EB12380491700944BD2 /* Protocols */,
				07675741238016B5004BEE07 /* Extensions */,
			);
			path = General;
			sourceTree = "<group>";
		};
		07675741238016B5004BEE07 /* Extensions */ = {
			isa = PBXGroup;
			children = (
				070B5167237D827C00262BDD /* UIView+Extensions.swift */,
				07675742238016F0004BEE07 /* UIButton+Extensions.swift */,
			);
			path = Extensions;
			sourceTree = "<group>";
		};
		0786D084237AD7E800D6BEB1 = {
			isa = PBXGroup;
			children = (
				0786D08F237AD7E800D6BEB1 /* FallenMeteorite */,
				0786D08E237AD7E800D6BEB1 /* Products */,
			);
			sourceTree = "<group>";
		};
		0786D08E237AD7E800D6BEB1 /* Products */ = {
			isa = PBXGroup;
			children = (
				0786D08D237AD7E800D6BEB1 /* FallenMeteorite.app */,
			);
			name = Products;
			sourceTree = "<group>";
		};
		0786D08F237AD7E800D6BEB1 /* FallenMeteorite */ = {
			isa = PBXGroup;
			children = (
				0786D090237AD7E800D6BEB1 /* AppDelegate.swift */,
				0786D0A8237AE73400D6BEB1 /* AppCoordinator.swift */,
				0786D092237AD7E800D6BEB1 /* SceneDelegate.swift */,
				075FE2AF237C123D00DC8681 /* General */,
				0786D0A4237AE68E00D6BEB1 /* Model */,
				0786D0A6237AE69D00D6BEB1 /* View */,
				0786D0A5237AE69700D6BEB1 /* Controller */,
				0786D0AC237AEF5F00D6BEB1 /* Network */,
				0786D0A7237AE6A100D6BEB1 /* Resources */,
			);
			path = FallenMeteorite;
			sourceTree = "<group>";
		};
		0786D0A4237AE68E00D6BEB1 /* Model */ = {
			isa = PBXGroup;
			children = (
				0786D0B3237B038400D6BEB1 /* Meteorite.swift */,
				0786D0E1237B224C00D6BEB1 /* CoreDataManager.swift */,
				070CE89E237C4A5300610882 /* MeteoriteListDataSource.swift */,
			);
			path = Model;
			sourceTree = "<group>";
		};
		0786D0A5237AE69700D6BEB1 /* Controller */ = {
			isa = PBXGroup;
			children = (
				0786D094237AD7E800D6BEB1 /* MeteoriteListViewController.swift */,
				0724C7D8237DDDAE00F47D91 /* MeteoriteDetailViewController.swift */,
				0724C7D6237DCEB400F47D91 /* FirstLaunchInformationViewController.swift */,
			);
			path = Controller;
			sourceTree = "<group>";
		};
		0786D0A6237AE69D00D6BEB1 /* View */ = {
			isa = PBXGroup;
			children = (
				070CE89C237C495B00610882 /* MeteoriteListView.swift */,
				070CE8A0237C5D4400610882 /* MeteoriteItemTableViewCell.swift */,
				0724C7DE237EA95D00F47D91 /* MeteoriteDetailView.swift */,
				070B5163237D559600262BDD /* InformationView.swift */,
				070B515D237C7E2E00262BDD /* ViewWithLabel.swift */,
				0724C7DC237EA8CA00F47D91 /* LabelWithDescription.swift */,
			);
			path = View;
			sourceTree = "<group>";
		};
		0786D0A7237AE6A100D6BEB1 /* Resources */ = {
			isa = PBXGroup;
			children = (
				0786D099237AD7EA00D6BEB1 /* Assets.xcassets */,
				0786D09B237AD7EA00D6BEB1 /* LaunchScreen.storyboard */,
				0786D09E237AD7EA00D6BEB1 /* Info.plist */,
				0786D0B5237B1AB100D6BEB1 /* FallenMeteorite.xcdatamodeld */,
			);
			name = Resources;
			sourceTree = "<group>";
		};
		0786D0AC237AEF5F00D6BEB1 /* Network */ = {
			isa = PBXGroup;
			children = (
				0786D0B1237AF8C700D6BEB1 /* NetworkManager.swift */,
			);
			path = Network;
			sourceTree = "<group>";
		};
		07D82EB12380491700944BD2 /* Protocols */ = {
			isa = PBXGroup;
			children = (
				07D82EB22380492D00944BD2 /* NetworkManagerAccesing.swift */,
			);
			path = Protocols;
			sourceTree = "<group>";
		};
/* End PBXGroup section */

/* Begin PBXNativeTarget section */
		0786D08C237AD7E800D6BEB1 /* FallenMeteorite */ = {
			isa = PBXNativeTarget;
			buildConfigurationList = 0786D0A1237AD7EA00D6BEB1 /* Build configuration list for PBXNativeTarget "FallenMeteorite" */;
			buildPhases = (
				0786D089237AD7E800D6BEB1 /* Sources */,
				0786D08A237AD7E800D6BEB1 /* Frameworks */,
				0786D08B237AD7E800D6BEB1 /* Resources */,
			);
			buildRules = (
			);
			dependencies = (
			);
			name = FallenMeteorite;
			productName = FallenMeteorite;
			productReference = 0786D08D237AD7E800D6BEB1 /* FallenMeteorite.app */;
			productType = "com.apple.product-type.application";
		};
/* End PBXNativeTarget section */

/* Begin PBXProject section */
		0786D085237AD7E800D6BEB1 /* Project object */ = {
			isa = PBXProject;
			attributes = {
				LastSwiftUpdateCheck = 1120;
				LastUpgradeCheck = 1120;
				ORGANIZATIONNAME = "Michal Martinů";
				TargetAttributes = {
					0786D08C237AD7E800D6BEB1 = {
						CreatedOnToolsVersion = 11.2;
					};
				};
			};
			buildConfigurationList = 0786D088237AD7E800D6BEB1 /* Build configuration list for PBXProject "FallenMeteorite" */;
			compatibilityVersion = "Xcode 9.3";
			developmentRegion = en;
			hasScannedForEncodings = 0;
			knownRegions = (
				en,
				Base,
			);
			mainGroup = 0786D084237AD7E800D6BEB1;
			productRefGroup = 0786D08E237AD7E800D6BEB1 /* Products */;
			projectDirPath = "";
			projectRoot = "";
			targets = (
				0786D08C237AD7E800D6BEB1 /* FallenMeteorite */,
			);
		};
/* End PBXProject section */

/* Begin PBXResourcesBuildPhase section */
		0786D08B237AD7E800D6BEB1 /* Resources */ = {
			isa = PBXResourcesBuildPhase;
			buildActionMask = 2147483647;
			files = (
				0786D09D237AD7EA00D6BEB1 /* LaunchScreen.storyboard in Resources */,
				0786D09A237AD7EA00D6BEB1 /* Assets.xcassets in Resources */,
			);
			runOnlyForDeploymentPostprocessing = 0;
		};
/* End PBXResourcesBuildPhase section */

/* Begin PBXSourcesBuildPhase section */
		0786D089237AD7E800D6BEB1 /* Sources */ = {
			isa = PBXSourcesBuildPhase;
			buildActionMask = 2147483647;
			files = (
				070B5164237D559600262BDD /* InformationView.swift in Sources */,
				070CE8A1237C5D4400610882 /* MeteoriteItemTableViewCell.swift in Sources */,
				070B5162237CA41100262BDD /* Formatter.swift in Sources */,
				0786D0A9237AE73400D6BEB1 /* AppCoordinator.swift in Sources */,
				0786D0B2237AF8C700D6BEB1 /* NetworkManager.swift in Sources */,
				070CE89F237C4A5300610882 /* MeteoriteListDataSource.swift in Sources */,
				0786D095237AD7E800D6BEB1 /* MeteoriteListViewController.swift in Sources */,
				070B515C237C6B8300262BDD /* Layout.swift in Sources */,
				070B5168237D827C00262BDD /* UIView+Extensions.swift in Sources */,
				0786D0AB237AE73900D6BEB1 /* Coordinator.swift in Sources */,
				0724C7DD237EA8CA00F47D91 /* LabelWithDescription.swift in Sources */,
				07D82EB32380492D00944BD2 /* NetworkManagerAccesing.swift in Sources */,
				075FE2B7237C1F7500DC8681 /* UserDefault.swift in Sources */,
				0724C7D7237DCEB400F47D91 /* FirstLaunchInformationViewController.swift in Sources */,
				07675743238016F0004BEE07 /* UIButton+Extensions.swift in Sources */,
				070B515A237C69AD00262BDD /* Images.swift in Sources */,
				0786D0B7237B1AB100D6BEB1 /* FallenMeteorite.xcdatamodeld in Sources */,
				0786D091237AD7E800D6BEB1 /* AppDelegate.swift in Sources */,
				0786D0E2237B224C00D6BEB1 /* CoreDataManager.swift in Sources */,
				0724C7DF237EA95D00F47D91 /* MeteoriteDetailView.swift in Sources */,
				0786D093237AD7E800D6BEB1 /* SceneDelegate.swift in Sources */,
				070B5160237C929D00262BDD /* CustomColor.swift in Sources */,
				070B515E237C7E2E00262BDD /* ViewWithLabel.swift in Sources */,
				0786D0B4237B038400D6BEB1 /* Meteorite.swift in Sources */,
				0724C7D9237DDDAE00F47D91 /* MeteoriteDetailViewController.swift in Sources */,
				070CE89D237C495B00610882 /* MeteoriteListView.swift in Sources */,
			);
			runOnlyForDeploymentPostprocessing = 0;
		};
/* End PBXSourcesBuildPhase section */

/* Begin PBXVariantGroup section */
		0786D09B237AD7EA00D6BEB1 /* LaunchScreen.storyboard */ = {
			isa = PBXVariantGroup;
			children = (
				0786D09C237AD7EA00D6BEB1 /* Base */,
			);
			name = LaunchScreen.storyboard;
			sourceTree = "<group>";
		};
/* End PBXVariantGroup section */

/* Begin XCBuildConfiguration section */
		0786D09F237AD7EA00D6BEB1 /* Debug */ = {
			isa = XCBuildConfiguration;
			buildSettings = {
				ALWAYS_SEARCH_USER_PATHS = NO;
				CLANG_ANALYZER_NONNULL = YES;
				CLANG_ANALYZER_NUMBER_OBJECT_CONVERSION = YES_AGGRESSIVE;
				CLANG_CXX_LANGUAGE_STANDARD = "gnu++14";
				CLANG_CXX_LIBRARY = "libc++";
				CLANG_ENABLE_MODULES = YES;
				CLANG_ENABLE_OBJC_ARC = YES;
				CLANG_ENABLE_OBJC_WEAK = YES;
				CLANG_WARN_BLOCK_CAPTURE_AUTORELEASING = YES;
				CLANG_WARN_BOOL_CONVERSION = YES;
				CLANG_WARN_COMMA = YES;
				CLANG_WARN_CONSTANT_CONVERSION = YES;
				CLANG_WARN_DEPRECATED_OBJC_IMPLEMENTATIONS = YES;
				CLANG_WARN_DIRECT_OBJC_ISA_USAGE = YES_ERROR;
				CLANG_WARN_DOCUMENTATION_COMMENTS = YES;
				CLANG_WARN_EMPTY_BODY = YES;
				CLANG_WARN_ENUM_CONVERSION = YES;
				CLANG_WARN_INFINITE_RECURSION = YES;
				CLANG_WARN_INT_CONVERSION = YES;
				CLANG_WARN_NON_LITERAL_NULL_CONVERSION = YES;
				CLANG_WARN_OBJC_IMPLICIT_RETAIN_SELF = YES;
				CLANG_WARN_OBJC_LITERAL_CONVERSION = YES;
				CLANG_WARN_OBJC_ROOT_CLASS = YES_ERROR;
				CLANG_WARN_RANGE_LOOP_ANALYSIS = YES;
				CLANG_WARN_STRICT_PROTOTYPES = YES;
				CLANG_WARN_SUSPICIOUS_MOVE = YES;
				CLANG_WARN_UNGUARDED_AVAILABILITY = YES_AGGRESSIVE;
				CLANG_WARN_UNREACHABLE_CODE = YES;
				CLANG_WARN__DUPLICATE_METHOD_MATCH = YES;
				COPY_PHASE_STRIP = NO;
				DEBUG_INFORMATION_FORMAT = dwarf;
				ENABLE_STRICT_OBJC_MSGSEND = YES;
				ENABLE_TESTABILITY = YES;
				GCC_C_LANGUAGE_STANDARD = gnu11;
				GCC_DYNAMIC_NO_PIC = NO;
				GCC_NO_COMMON_BLOCKS = YES;
				GCC_OPTIMIZATION_LEVEL = 0;
				GCC_PREPROCESSOR_DEFINITIONS = (
					"DEBUG=1",
					"$(inherited)",
				);
				GCC_WARN_64_TO_32_BIT_CONVERSION = YES;
				GCC_WARN_ABOUT_RETURN_TYPE = YES_ERROR;
				GCC_WARN_UNDECLARED_SELECTOR = YES;
				GCC_WARN_UNINITIALIZED_AUTOS = YES_AGGRESSIVE;
				GCC_WARN_UNUSED_FUNCTION = YES;
				GCC_WARN_UNUSED_VARIABLE = YES;
				IPHONEOS_DEPLOYMENT_TARGET = 13.2;
				MTL_ENABLE_DEBUG_INFO = INCLUDE_SOURCE;
				MTL_FAST_MATH = YES;
				ONLY_ACTIVE_ARCH = YES;
				SDKROOT = iphoneos;
				SWIFT_ACTIVE_COMPILATION_CONDITIONS = DEBUG;
				SWIFT_OPTIMIZATION_LEVEL = "-Onone";
			};
			name = Debug;
		};
		0786D0A0237AD7EA00D6BEB1 /* Release */ = {
			isa = XCBuildConfiguration;
			buildSettings = {
				ALWAYS_SEARCH_USER_PATHS = NO;
				CLANG_ANALYZER_NONNULL = YES;
				CLANG_ANALYZER_NUMBER_OBJECT_CONVERSION = YES_AGGRESSIVE;
				CLANG_CXX_LANGUAGE_STANDARD = "gnu++14";
				CLANG_CXX_LIBRARY = "libc++";
				CLANG_ENABLE_MODULES = YES;
				CLANG_ENABLE_OBJC_ARC = YES;
				CLANG_ENABLE_OBJC_WEAK = YES;
				CLANG_WARN_BLOCK_CAPTURE_AUTORELEASING = YES;
				CLANG_WARN_BOOL_CONVERSION = YES;
				CLANG_WARN_COMMA = YES;
				CLANG_WARN_CONSTANT_CONVERSION = YES;
				CLANG_WARN_DEPRECATED_OBJC_IMPLEMENTATIONS = YES;
				CLANG_WARN_DIRECT_OBJC_ISA_USAGE = YES_ERROR;
				CLANG_WARN_DOCUMENTATION_COMMENTS = YES;
				CLANG_WARN_EMPTY_BODY = YES;
				CLANG_WARN_ENUM_CONVERSION = YES;
				CLANG_WARN_INFINITE_RECURSION = YES;
				CLANG_WARN_INT_CONVERSION = YES;
				CLANG_WARN_NON_LITERAL_NULL_CONVERSION = YES;
				CLANG_WARN_OBJC_IMPLICIT_RETAIN_SELF = YES;
				CLANG_WARN_OBJC_LITERAL_CONVERSION = YES;
				CLANG_WARN_OBJC_ROOT_CLASS = YES_ERROR;
				CLANG_WARN_RANGE_LOOP_ANALYSIS = YES;
				CLANG_WARN_STRICT_PROTOTYPES = YES;
				CLANG_WARN_SUSPICIOUS_MOVE = YES;
				CLANG_WARN_UNGUARDED_AVAILABILITY = YES_AGGRESSIVE;
				CLANG_WARN_UNREACHABLE_CODE = YES;
				CLANG_WARN__DUPLICATE_METHOD_MATCH = YES;
				COPY_PHASE_STRIP = NO;
				DEBUG_INFORMATION_FORMAT = "dwarf-with-dsym";
				ENABLE_NS_ASSERTIONS = NO;
				ENABLE_STRICT_OBJC_MSGSEND = YES;
				GCC_C_LANGUAGE_STANDARD = gnu11;
				GCC_NO_COMMON_BLOCKS = YES;
				GCC_WARN_64_TO_32_BIT_CONVERSION = YES;
				GCC_WARN_ABOUT_RETURN_TYPE = YES_ERROR;
				GCC_WARN_UNDECLARED_SELECTOR = YES;
				GCC_WARN_UNINITIALIZED_AUTOS = YES_AGGRESSIVE;
				GCC_WARN_UNUSED_FUNCTION = YES;
				GCC_WARN_UNUSED_VARIABLE = YES;
				IPHONEOS_DEPLOYMENT_TARGET = 13.2;
				MTL_ENABLE_DEBUG_INFO = NO;
				MTL_FAST_MATH = YES;
				SDKROOT = iphoneos;
				SWIFT_COMPILATION_MODE = wholemodule;
				SWIFT_OPTIMIZATION_LEVEL = "-O";
				VALIDATE_PRODUCT = YES;
			};
			name = Release;
		};
		0786D0A2237AD7EA00D6BEB1 /* Debug */ = {
			isa = XCBuildConfiguration;
			buildSettings = {
				ASSETCATALOG_COMPILER_APPICON_NAME = AppIcon;
				CODE_SIGN_STYLE = Automatic;
				DEVELOPMENT_TEAM = H84BAJDPWF;
				INFOPLIST_FILE = FallenMeteorite/Info.plist;
				IPHONEOS_DEPLOYMENT_TARGET = 13.0;
				LD_RUNPATH_SEARCH_PATHS = (
					"$(inherited)",
					"@executable_path/Frameworks",
				);
				PRODUCT_BUNDLE_IDENTIFIER = com.michalmartinu.FallenMeteorite;
				PRODUCT_NAME = "$(TARGET_NAME)";
				SWIFT_VERSION = 5.0;
				TARGETED_DEVICE_FAMILY = 1;
			};
			name = Debug;
		};
		0786D0A3237AD7EA00D6BEB1 /* Release */ = {
			isa = XCBuildConfiguration;
			buildSettings = {
				ASSETCATALOG_COMPILER_APPICON_NAME = AppIcon;
				CODE_SIGN_STYLE = Automatic;
				DEVELOPMENT_TEAM = H84BAJDPWF;
				INFOPLIST_FILE = FallenMeteorite/Info.plist;
				IPHONEOS_DEPLOYMENT_TARGET = 13.0;
				LD_RUNPATH_SEARCH_PATHS = (
					"$(inherited)",
					"@executable_path/Frameworks",
				);
				PRODUCT_BUNDLE_IDENTIFIER = com.michalmartinu.FallenMeteorite;
				PRODUCT_NAME = "$(TARGET_NAME)";
				SWIFT_VERSION = 5.0;
				TARGETED_DEVICE_FAMILY = 1;
			};
			name = Release;
		};
/* End XCBuildConfiguration section */

/* Begin XCConfigurationList section */
		0786D088237AD7E800D6BEB1 /* Build configuration list for PBXProject "FallenMeteorite" */ = {
			isa = XCConfigurationList;
			buildConfigurations = (
				0786D09F237AD7EA00D6BEB1 /* Debug */,
				0786D0A0237AD7EA00D6BEB1 /* Release */,
			);
			defaultConfigurationIsVisible = 0;
			defaultConfigurationName = Release;
		};
		0786D0A1237AD7EA00D6BEB1 /* Build configuration list for PBXNativeTarget "FallenMeteorite" */ = {
			isa = XCConfigurationList;
			buildConfigurations = (
				0786D0A2237AD7EA00D6BEB1 /* Debug */,
				0786D0A3237AD7EA00D6BEB1 /* Release */,
			);
			defaultConfigurationIsVisible = 0;
			defaultConfigurationName = Release;
		};
/* End XCConfigurationList section */

/* Begin XCVersionGroup section */
		0786D0B5237B1AB100D6BEB1 /* FallenMeteorite.xcdatamodeld */ = {
			isa = XCVersionGroup;
			children = (
				0786D0B6237B1AB100D6BEB1 /* FallenMeteorite.xcdatamodel */,
			);
			currentVersion = 0786D0B6237B1AB100D6BEB1 /* FallenMeteorite.xcdatamodel */;
			path = FallenMeteorite.xcdatamodeld;
			sourceTree = "<group>";
			versionGroupType = wrapper.xcdatamodel;
		};
/* End XCVersionGroup section */
	};
	rootObject = 0786D085237AD7E800D6BEB1 /* Project object */;
}
